
Microsoft Visual Studio Solution File, Format Version 12.00
# Visual Studio Version 17
VisualStudioVersion = 17.14.36202.13
MinimumVisualStudioVersion = 10.0.40219.1
Project("{FAE04EC0-301F-11D3-BF4B-00C04F79EFBC}") = "Cozy Haven - HotelBooking", "Cozy Haven - HotelBooking.csproj", "{1906BBA8-29D8-4B82-9F22-D836F19CE41C}"
EndProject
Project("{FAE04EC0-301F-11D3-BF4B-00C04F79EFBC}") = "Cozy Haven Testing", "..\Cozy Haven Testing\Cozy Haven Testing.csproj", "{6D74CB6E-03C6-4D7B-BE89-A1C3D9E0EDC8}"
EndProject
Global
	GlobalSection(SolutionConfigurationPlatforms) = preSolution
		Debug|Any CPU = Debug|Any CPU
		Release|Any CPU = Release|Any CPU
	EndGlobalSection
	GlobalSection(ProjectConfigurationPlatforms) = postSolution
		{1906BBA8-29D8-4B82-9F22-D836F19CE41C}.Debug|Any CPU.ActiveCfg = Debug|Any CPU
		{1906BBA8-29D8-4B82-9F22-D836F19CE41C}.Debug|Any CPU.Build.0 = Debug|Any CPU
		{1906BBA8-29D8-4B82-9F22-D836F19CE41C}.Release|Any CPU.ActiveCfg = Release|Any CPU
		{1906BBA8-29D8-4B82-9F22-D836F19CE41C}.Release|Any CPU.Build.0 = Release|Any CPU
		{6D74CB6E-03C6-4D7B-BE89-A1C3D9E0EDC8}.Debug|Any CPU.ActiveCfg = Debug|Any CPU
		{6D74CB6E-03C6-4D7B-BE89-A1C3D9E0EDC8}.Debug|Any CPU.Build.0 = Debug|Any CPU
		{6D74CB6E-03C6-4D7B-BE89-A1C3D9E0EDC8}.Release|Any CPU.ActiveCfg = Release|Any CPU
		{6D74CB6E-03C6-4D7B-BE89-A1C3D9E0EDC8}.Release|Any CPU.Build.0 = Release|Any CPU
	EndGlobalSection
	GlobalSection(SolutionProperties) = preSolution
		HideSolutionNode = FALSE
	EndGlobalSection
	GlobalSection(ExtensibilityGlobals) = postSolution
		SolutionGuid = {0320BBEE-2D2B-4D17-B033-931EB727E344}
	EndGlobalSection
EndGlobal
